// !$*UTF8*$!
{
	archiveVersion = 1;
	classes = {
	};
	objectVersion = 48;
	objects = {

/* Begin PBXBuildFile section */
		2CCD59562254A08B00CB0E0B /* AppDelegate.swift in Sources */ = {isa = PBXBuildFile; fileRef = 2CCD59552254A08B00CB0E0B /* AppDelegate.swift */; };
		2CCD59582254A08B00CB0E0B /* ConverterVC.swift in Sources */ = {isa = PBXBuildFile; fileRef = 2CCD59572254A08B00CB0E0B /* ConverterVC.swift */; };
		2CCD595B2254A08B00CB0E0B /* Main.storyboard in Resources */ = {isa = PBXBuildFile; fileRef = 2CCD59592254A08B00CB0E0B /* Main.storyboard */; };
		2CCD595D2254A08B00CB0E0B /* Assets.xcassets in Resources */ = {isa = PBXBuildFile; fileRef = 2CCD595C2254A08B00CB0E0B /* Assets.xcassets */; };
		2CCD59602254A08B00CB0E0B /* LaunchScreen.storyboard in Resources */ = {isa = PBXBuildFile; fileRef = 2CCD595E2254A08B00CB0E0B /* LaunchScreen.storyboard */; };
		2CCD59682254A44800CB0E0B /* CryptoListVC.swift in Sources */ = {isa = PBXBuildFile; fileRef = 2CCD59672254A44800CB0E0B /* CryptoListVC.swift */; };
		2CCD596A2254A75A00CB0E0B /* CryptoListPresenter.swift in Sources */ = {isa = PBXBuildFile; fileRef = 2CCD59692254A75A00CB0E0B /* CryptoListPresenter.swift */; };
		2CCD596C2254A79F00CB0E0B /* CryptoCell.swift in Sources */ = {isa = PBXBuildFile; fileRef = 2CCD596B2254A79F00CB0E0B /* CryptoCell.swift */; };
		2CCD596E2254AC8C00CB0E0B /* Crypto.swift in Sources */ = {isa = PBXBuildFile; fileRef = 2CCD596D2254AC8C00CB0E0B /* Crypto.swift */; };
		2F171D3FF5C2B2EBF9520A2A /* Pods_CryptoConverter.framework in Frameworks */ = {isa = PBXBuildFile; fileRef = CBC9AC8F7A3A2FB37E8811D7 /* Pods_CryptoConverter.framework */; };
/* End PBXBuildFile section */

/* Begin PBXFileReference section */
		2CCD59522254A08B00CB0E0B /* CryptoConverter.app */ = {isa = PBXFileReference; explicitFileType = wrapper.application; includeInIndex = 0; path = CryptoConverter.app; sourceTree = BUILT_PRODUCTS_DIR; };
		2CCD59552254A08B00CB0E0B /* AppDelegate.swift */ = {isa = PBXFileReference; lastKnownFileType = sourcecode.swift; path = AppDelegate.swift; sourceTree = "<group>"; };
		2CCD59572254A08B00CB0E0B /* ConverterVC.swift */ = {isa = PBXFileReference; lastKnownFileType = sourcecode.swift; path = ConverterVC.swift; sourceTree = "<group>"; };
		2CCD595A2254A08B00CB0E0B /* Base */ = {isa = PBXFileReference; lastKnownFileType = file.storyboard; name = Base; path = Base.lproj/Main.storyboard; sourceTree = "<group>"; };
		2CCD595C2254A08B00CB0E0B /* Assets.xcassets */ = {isa = PBXFileReference; lastKnownFileType = folder.assetcatalog; path = Assets.xcassets; sourceTree = "<group>"; };
		2CCD595F2254A08B00CB0E0B /* Base */ = {isa = PBXFileReference; lastKnownFileType = file.storyboard; name = Base; path = Base.lproj/LaunchScreen.storyboard; sourceTree = "<group>"; };
		2CCD59612254A08B00CB0E0B /* Info.plist */ = {isa = PBXFileReference; lastKnownFileType = text.plist.xml; path = Info.plist; sourceTree = "<group>"; };
		2CCD59672254A44800CB0E0B /* CryptoListVC.swift */ = {isa = PBXFileReference; lastKnownFileType = sourcecode.swift; path = CryptoListVC.swift; sourceTree = "<group>"; };
		2CCD59692254A75A00CB0E0B /* CryptoListPresenter.swift */ = {isa = PBXFileReference; lastKnownFileType = sourcecode.swift; path = CryptoListPresenter.swift; sourceTree = "<group>"; };
		2CCD596B2254A79F00CB0E0B /* CryptoCell.swift */ = {isa = PBXFileReference; lastKnownFileType = sourcecode.swift; path = CryptoCell.swift; sourceTree = "<group>"; };
		2CCD596D2254AC8C00CB0E0B /* Crypto.swift */ = {isa = PBXFileReference; lastKnownFileType = sourcecode.swift; path = Crypto.swift; sourceTree = "<group>"; };
		658A6EA1729E9DBD0AEABCE4 /* Pods-CryptoConverter.debug.xcconfig */ = {isa = PBXFileReference; includeInIndex = 1; lastKnownFileType = text.xcconfig; name = "Pods-CryptoConverter.debug.xcconfig"; path = "Pods/Target Support Files/Pods-CryptoConverter/Pods-CryptoConverter.debug.xcconfig"; sourceTree = "<group>"; };
		C05EF95F8D3A19F0747FE421 /* Pods-CryptoConverter.release.xcconfig */ = {isa = PBXFileReference; includeInIndex = 1; lastKnownFileType = text.xcconfig; name = "Pods-CryptoConverter.release.xcconfig"; path = "Pods/Target Support Files/Pods-CryptoConverter/Pods-CryptoConverter.release.xcconfig"; sourceTree = "<group>"; };
		CBC9AC8F7A3A2FB37E8811D7 /* Pods_CryptoConverter.framework */ = {isa = PBXFileReference; explicitFileType = wrapper.framework; includeInIndex = 0; path = Pods_CryptoConverter.framework; sourceTree = BUILT_PRODUCTS_DIR; };
/* End PBXFileReference section */

/* Begin PBXFrameworksBuildPhase section */
		2CCD594F2254A08B00CB0E0B /* Frameworks */ = {
			isa = PBXFrameworksBuildPhase;
			buildActionMask = 2147483647;
			files = (
				2F171D3FF5C2B2EBF9520A2A /* Pods_CryptoConverter.framework in Frameworks */,
			);
			runOnlyForDeploymentPostprocessing = 0;
		};
/* End PBXFrameworksBuildPhase section */

/* Begin PBXGroup section */
		2CCD59492254A08B00CB0E0B = {
			isa = PBXGroup;
			children = (
				2CCD59542254A08B00CB0E0B /* CryptoConverter */,
				2CCD59532254A08B00CB0E0B /* Products */,
				EB2EDE79A4075934CAA9F3D4 /* Pods */,
				362137B8A4D959BE76F7C40E /* Frameworks */,
			);
			sourceTree = "<group>";
		};
		2CCD59532254A08B00CB0E0B /* Products */ = {
			isa = PBXGroup;
			children = (
				2CCD59522254A08B00CB0E0B /* CryptoConverter.app */,
			);
			name = Products;
			sourceTree = "<group>";
		};
		2CCD59542254A08B00CB0E0B /* CryptoConverter */ = {
			isa = PBXGroup;
			children = (
				2CCD59552254A08B00CB0E0B /* AppDelegate.swift */,
				2CCD59572254A08B00CB0E0B /* ConverterVC.swift */,
				2CCD59672254A44800CB0E0B /* CryptoListVC.swift */,
				2CCD596D2254AC8C00CB0E0B /* Crypto.swift */,
				2CCD59692254A75A00CB0E0B /* CryptoListPresenter.swift */,
				2CCD59592254A08B00CB0E0B /* Main.storyboard */,
				2CCD596B2254A79F00CB0E0B /* CryptoCell.swift */,
				2CCD595C2254A08B00CB0E0B /* Assets.xcassets */,
				2CCD595E2254A08B00CB0E0B /* LaunchScreen.storyboard */,
				2CCD59612254A08B00CB0E0B /* Info.plist */,
			);
			path = CryptoConverter;
			sourceTree = "<group>";
		};
		362137B8A4D959BE76F7C40E /* Frameworks */ = {
			isa = PBXGroup;
			children = (
				CBC9AC8F7A3A2FB37E8811D7 /* Pods_CryptoConverter.framework */,
			);
			name = Frameworks;
			sourceTree = "<group>";
		};
		EB2EDE79A4075934CAA9F3D4 /* Pods */ = {
			isa = PBXGroup;
			children = (
				658A6EA1729E9DBD0AEABCE4 /* Pods-CryptoConverter.debug.xcconfig */,
				C05EF95F8D3A19F0747FE421 /* Pods-CryptoConverter.release.xcconfig */,
			);
			name = Pods;
			sourceTree = "<group>";
		};
/* End PBXGroup section */

/* Begin PBXNativeTarget section */
		2CCD59512254A08B00CB0E0B /* CryptoConverter */ = {
			isa = PBXNativeTarget;
			buildConfigurationList = 2CCD59642254A08B00CB0E0B /* Build configuration list for PBXNativeTarget "CryptoConverter" */;
			buildPhases = (
				EEA3C1157A28B7A148013D18 /* [CP] Check Pods Manifest.lock */,
				2CCD594E2254A08B00CB0E0B /* Sources */,
				2CCD594F2254A08B00CB0E0B /* Frameworks */,
				2CCD59502254A08B00CB0E0B /* Resources */,
				86C7B85BFAEB072FAEDA741E /* [CP] Embed Pods Frameworks */,
			);
			buildRules = (
			);
			dependencies = (
			);
			name = CryptoConverter;
			productName = CryptoConverter;
			productReference = 2CCD59522254A08B00CB0E0B /* CryptoConverter.app */;
			productType = "com.apple.product-type.application";
		};
/* End PBXNativeTarget section */

/* Begin PBXProject section */
		2CCD594A2254A08B00CB0E0B /* Project object */ = {
			isa = PBXProject;
			attributes = {
				LastSwiftUpdateCheck = 0920;
				LastUpgradeCheck = 0920;
				ORGANIZATIONNAME = "Alina FESYK";
				TargetAttributes = {
					2CCD59512254A08B00CB0E0B = {
						CreatedOnToolsVersion = 9.2;
						ProvisioningStyle = Automatic;
					};
				};
			};
			buildConfigurationList = 2CCD594D2254A08B00CB0E0B /* Build configuration list for PBXProject "CryptoConverter" */;
			compatibilityVersion = "Xcode 8.0";
			developmentRegion = en;
			hasScannedForEncodings = 0;
			knownRegions = (
				en,
				Base,
			);
			mainGroup = 2CCD59492254A08B00CB0E0B;
			productRefGroup = 2CCD59532254A08B00CB0E0B /* Products */;
			projectDirPath = "";
			projectRoot = "";
			targets = (
				2CCD59512254A08B00CB0E0B /* CryptoConverter */,
			);
		};
/* End PBXProject section */

/* Begin PBXResourcesBuildPhase section */
		2CCD59502254A08B00CB0E0B /* Resources */ = {
			isa = PBXResourcesBuildPhase;
			buildActionMask = 2147483647;
			files = (
				2CCD59602254A08B00CB0E0B /* LaunchScreen.storyboard in Resources */,
				2CCD595D2254A08B00CB0E0B /* Assets.xcassets in Resources */,
				2CCD595B2254A08B00CB0E0B /* Main.storyboard in Resources */,
			);
			runOnlyForDeploymentPostprocessing = 0;
		};
/* End PBXResourcesBuildPhase section */

/* Begin PBXShellScriptBuildPhase section */
		86C7B85BFAEB072FAEDA741E /* [CP] Embed Pods Frameworks */ = {
			isa = PBXShellScriptBuildPhase;
			buildActionMask = 2147483647;
			files = (
			);
			inputFileListPaths = (
			);
			inputPaths = (
				"${SRCROOT}/Pods/Target Support Files/Pods-CryptoConverter/Pods-CryptoConverter-frameworks.sh",
				"${BUILT_PRODUCTS_DIR}/Alamofire/Alamofire.framework",
			);
			name = "[CP] Embed Pods Frameworks";
			outputFileListPaths = (
			);
			outputPaths = (
				"${TARGET_BUILD_DIR}/${FRAMEWORKS_FOLDER_PATH}/Alamofire.framework",
			);
			runOnlyForDeploymentPostprocessing = 0;
			shellPath = /bin/sh;
			shellScript = "\"${SRCROOT}/Pods/Target Support Files/Pods-CryptoConverter/Pods-CryptoConverter-frameworks.sh\"\n";
			showEnvVarsInLog = 0;
		};
		EEA3C1157A28B7A148013D18 /* [CP] Check Pods Manifest.lock */ = {
			isa = PBXShellScriptBuildPhase;
			buildActionMask = 2147483647;
			files = (
			);
			inputFileListPaths = (
			);
			inputPaths = (
				"${PODS_PODFILE_DIR_PATH}/Podfile.lock",
				"${PODS_ROOT}/Manifest.lock",
			);
			name = "[CP] Check Pods Manifest.lock";
			outputFileListPaths = (
			);
			outputPaths = (
				"$(DERIVED_FILE_DIR)/Pods-CryptoConverter-checkManifestLockResult.txt",
			);
			runOnlyForDeploymentPostprocessing = 0;
			shellPath = /bin/sh;
			shellScript = "diff \"${PODS_PODFILE_DIR_PATH}/Podfile.lock\" \"${PODS_ROOT}/Manifest.lock\" > /dev/null\nif [ $? != 0 ] ; then\n    # print error to STDERR\n    echo \"error: The sandbox is not in sync with the Podfile.lock. Run 'pod install' or update your CocoaPods installation.\" >&2\n    exit 1\nfi\n# This output is used by Xcode 'outputs' to avoid re-running this script phase.\necho \"SUCCESS\" > \"${SCRIPT_OUTPUT_FILE_0}\"\n";
			showEnvVarsInLog = 0;
		};
/* End PBXShellScriptBuildPhase section */

/* Begin PBXSourcesBuildPhase section */
		2CCD594E2254A08B00CB0E0B /* Sources */ = {
			isa = PBXSourcesBuildPhase;
			buildActionMask = 2147483647;
			files = (
				2CCD596E2254AC8C00CB0E0B /* Crypto.swift in Sources */,
				2CCD596C2254A79F00CB0E0B /* CryptoCell.swift in Sources */,
				2CCD59582254A08B00CB0E0B /* ConverterVC.swift in Sources */,
				2CCD596A2254A75A00CB0E0B /* CryptoListPresenter.swift in Sources */,
				2CCD59562254A08B00CB0E0B /* AppDelegate.swift in Sources */,
				2CCD59682254A44800CB0E0B /* CryptoListVC.swift in Sources */,
			);
			runOnlyForDeploymentPostprocessing = 0;
		};
/* End PBXSourcesBuildPhase section */

/* Begin PBXVariantGroup section */
		2CCD59592254A08B00CB0E0B /* Main.storyboard */ = {
			isa = PBXVariantGroup;
			children = (
				2CCD595A2254A08B00CB0E0B /* Base */,
			);
			name = Main.storyboard;
			sourceTree = "<group>";
		};
		2CCD595E2254A08B00CB0E0B /* LaunchScreen.storyboard */ = {
			isa = PBXVariantGroup;
			children = (
				2CCD595F2254A08B00CB0E0B /* Base */,
			);
			name = LaunchScreen.storyboard;
			sourceTree = "<group>";
		};
/* End PBXVariantGroup section */

/* Begin XCBuildConfiguration section */
		2CCD59622254A08B00CB0E0B /* Debug */ = {
			isa = XCBuildConfiguration;
			buildSettings = {
				ALWAYS_SEARCH_USER_PATHS = NO;
				CLANG_ANALYZER_NONNULL = YES;
				CLANG_ANALYZER_NUMBER_OBJECT_CONVERSION = YES_AGGRESSIVE;
				CLANG_CXX_LANGUAGE_STANDARD = "gnu++14";
				CLANG_CXX_LIBRARY = "libc++";
				CLANG_ENABLE_MODULES = YES;
				CLANG_ENABLE_OBJC_ARC = YES;
				CLANG_WARN_BLOCK_CAPTURE_AUTORELEASING = YES;
				CLANG_WARN_BOOL_CONVERSION = YES;
				CLANG_WARN_COMMA = YES;
				CLANG_WARN_CONSTANT_CONVERSION = YES;
				CLANG_WARN_DIRECT_OBJC_ISA_USAGE = YES_ERROR;
				CLANG_WARN_DOCUMENTATION_COMMENTS = YES;
				CLANG_WARN_EMPTY_BODY = YES;
				CLANG_WARN_ENUM_CONVERSION = YES;
				CLANG_WARN_INFINITE_RECURSION = YES;
				CLANG_WARN_INT_CONVERSION = YES;
				CLANG_WARN_NON_LITERAL_NULL_CONVERSION = YES;
				CLANG_WARN_OBJC_LITERAL_CONVERSION = YES;
				CLANG_WARN_OBJC_ROOT_CLASS = YES_ERROR;
				CLANG_WARN_RANGE_LOOP_ANALYSIS = YES;
				CLANG_WARN_STRICT_PROTOTYPES = YES;
				CLANG_WARN_SUSPICIOUS_MOVE = YES;
				CLANG_WARN_UNGUARDED_AVAILABILITY = YES_AGGRESSIVE;
				CLANG_WARN_UNREACHABLE_CODE = YES;
				CLANG_WARN__DUPLICATE_METHOD_MATCH = YES;
				CODE_SIGN_IDENTITY = "iPhone Developer";
				COPY_PHASE_STRIP = NO;
				DEBUG_INFORMATION_FORMAT = dwarf;
				ENABLE_STRICT_OBJC_MSGSEND = YES;
				ENABLE_TESTABILITY = YES;
				GCC_C_LANGUAGE_STANDARD = gnu11;
				GCC_DYNAMIC_NO_PIC = NO;
				GCC_NO_COMMON_BLOCKS = YES;
				GCC_OPTIMIZATION_LEVEL = 0;
				GCC_PREPROCESSOR_DEFINITIONS = (
					"DEBUG=1",
					"$(inherited)",
				);
				GCC_WARN_64_TO_32_BIT_CONVERSION = YES;
				GCC_WARN_ABOUT_RETURN_TYPE = YES_ERROR;
				GCC_WARN_UNDECLARED_SELECTOR = YES;
				GCC_WARN_UNINITIALIZED_AUTOS = YES_AGGRESSIVE;
				GCC_WARN_UNUSED_FUNCTION = YES;
				GCC_WARN_UNUSED_VARIABLE = YES;
				IPHONEOS_DEPLOYMENT_TARGET = 11.2;
				MTL_ENABLE_DEBUG_INFO = YES;
				ONLY_ACTIVE_ARCH = YES;
				SDKROOT = iphoneos;
				SWIFT_ACTIVE_COMPILATION_CONDITIONS = DEBUG;
				SWIFT_OPTIMIZATION_LEVEL = "-Onone";
			};
			name = Debug;
		};
		2CCD59632254A08B00CB0E0B /* Release */ = {
			isa = XCBuildConfiguration;
			buildSettings = {
				ALWAYS_SEARCH_USER_PATHS = NO;
				CLANG_ANALYZER_NONNULL = YES;
				CLANG_ANALYZER_NUMBER_OBJECT_CONVERSION = YES_AGGRESSIVE;
				CLANG_CXX_LANGUAGE_STANDARD = "gnu++14";
				CLANG_CXX_LIBRARY = "libc++";
				CLANG_ENABLE_MODULES = YES;
				CLANG_ENABLE_OBJC_ARC = YES;
				CLANG_WARN_BLOCK_CAPTURE_AUTORELEASING = YES;
				CLANG_WARN_BOOL_CONVERSION = YES;
				CLANG_WARN_COMMA = YES;
				CLANG_WARN_CONSTANT_CONVERSION = YES;
				CLANG_WARN_DIRECT_OBJC_ISA_USAGE = YES_ERROR;
				CLANG_WARN_DOCUMENTATION_COMMENTS = YES;
				CLANG_WARN_EMPTY_BODY = YES;
				CLANG_WARN_ENUM_CONVERSION = YES;
				CLANG_WARN_INFINITE_RECURSION = YES;
				CLANG_WARN_INT_CONVERSION = YES;
				CLANG_WARN_NON_LITERAL_NULL_CONVERSION = YES;
				CLANG_WARN_OBJC_LITERAL_CONVERSION = YES;
				CLANG_WARN_OBJC_ROOT_CLASS = YES_ERROR;
				CLANG_WARN_RANGE_LOOP_ANALYSIS = YES;
				CLANG_WARN_STRICT_PROTOTYPES = YES;
				CLANG_WARN_SUSPICIOUS_MOVE = YES;
				CLANG_WARN_UNGUARDED_AVAILABILITY = YES_AGGRESSIVE;
				CLANG_WARN_UNREACHABLE_CODE = YES;
				CLANG_WARN__DUPLICATE_METHOD_MATCH = YES;
				CODE_SIGN_IDENTITY = "iPhone Developer";
				COPY_PHASE_STRIP = NO;
				DEBUG_INFORMATION_FORMAT = "dwarf-with-dsym";
				ENABLE_NS_ASSERTIONS = NO;
				ENABLE_STRICT_OBJC_MSGSEND = YES;
				GCC_C_LANGUAGE_STANDARD = gnu11;
				GCC_NO_COMMON_BLOCKS = YES;
				GCC_WARN_64_TO_32_BIT_CONVERSION = YES;
				GCC_WARN_ABOUT_RETURN_TYPE = YES_ERROR;
				GCC_WARN_UNDECLARED_SELECTOR = YES;
				GCC_WARN_UNINITIALIZED_AUTOS = YES_AGGRESSIVE;
				GCC_WARN_UNUSED_FUNCTION = YES;
				GCC_WARN_UNUSED_VARIABLE = YES;
				IPHONEOS_DEPLOYMENT_TARGET = 11.2;
				MTL_ENABLE_DEBUG_INFO = NO;
				SDKROOT = iphoneos;
				SWIFT_OPTIMIZATION_LEVEL = "-Owholemodule";
				VALIDATE_PRODUCT = YES;
			};
			name = Release;
		};
		2CCD59652254A08B00CB0E0B /* Debug */ = {
			isa = XCBuildConfiguration;
			baseConfigurationReference = 658A6EA1729E9DBD0AEABCE4 /* Pods-CryptoConverter.debug.xcconfig */;
			buildSettings = {
				ASSETCATALOG_COMPILER_APPICON_NAME = AppIcon;
				CODE_SIGN_STYLE = Automatic;
				INFOPLIST_FILE = CryptoConverter/Info.plist;
				LD_RUNPATH_SEARCH_PATHS = "$(inherited) @executable_path/Frameworks";
				PRODUCT_BUNDLE_IDENTIFIER = afesyk.CryptoConverter;
				PRODUCT_NAME = "$(TARGET_NAME)";
				SWIFT_VERSION = 4.0;
				TARGETED_DEVICE_FAMILY = "1,2";
			};
			name = Debug;
		};
		2CCD59662254A08B00CB0E0B /* Release */ = {
			isa = XCBuildConfiguration;
			baseConfigurationReference = C05EF95F8D3A19F0747FE421 /* Pods-CryptoConverter.release.xcconfig */;
			buildSettings = {
				ASSETCATALOG_COMPILER_APPICON_NAME = AppIcon;
				CODE_SIGN_STYLE = Automatic;
				INFOPLIST_FILE = CryptoConverter/Info.plist;
				LD_RUNPATH_SEARCH_PATHS = "$(inherited) @executable_path/Frameworks";
				PRODUCT_BUNDLE_IDENTIFIER = afesyk.CryptoConverter;
				PRODUCT_NAME = "$(TARGET_NAME)";
				SWIFT_VERSION = 4.0;
				TARGETED_DEVICE_FAMILY = "1,2";
			};
			name = Release;
		};
/* End XCBuildConfiguration section */

/* Begin XCConfigurationList section */
		2CCD594D2254A08B00CB0E0B /* Build configuration list for PBXProject "CryptoConverter" */ = {
			isa = XCConfigurationList;
			buildConfigurations = (
				2CCD59622254A08B00CB0E0B /* Debug */,
				2CCD59632254A08B00CB0E0B /* Release */,
			);
			defaultConfigurationIsVisible = 0;
			defaultConfigurationName = Release;
		};
		2CCD59642254A08B00CB0E0B /* Build configuration list for PBXNativeTarget "CryptoConverter" */ = {
			isa = XCConfigurationList;
			buildConfigurations = (
				2CCD59652254A08B00CB0E0B /* Debug */,
				2CCD59662254A08B00CB0E0B /* Release */,
			);
			defaultConfigurationIsVisible = 0;
			defaultConfigurationName = Release;
		};
/* End XCConfigurationList section */
	};
	rootObject = 2CCD594A2254A08B00CB0E0B /* Project object */;
}
